schema = "reprobuild.solved-graph-lock.v2"

[lock]
platform = "amd64-linux"
optimal = false
inputs_digest = "fnv1a64:9a82f4101384d564"
variants = []
packages = [{ name = "elevenlabs_ffmpeg", version = "1.0.0", source = "elevenlabs_ffmpeg", selection = "selected" }, { name = "elevenlabs_ffprobe", version = "1.0.0", source = "elevenlabs_ffprobe", selection = "selected" }, { name = "gcc", version = "12.0.0", source = "gcc", selection = "selected" }, { name = "nim", version = "2.0.0", source = "nim", selection = "selected" }, { name = "projectEnvironment", version = "0.1.0", source = "projectEnvironment", selection = "selected" }]
deps = [{ name = "GuiAssert", path = "../GuiAssert", coord_kind = "vcs", url = "https://github.com/metacraft-labs/GuiAssert", ref = "stabilize-agents-worker-2-20261003", revision = "fbe0e569e9be5d5a68ad41032e1cd7f0452e1abb", integrity = "git-sha1:fbe0e569e9be5d5a68ad41032e1cd7f0452e1abb", version = "", visibility = "public", participation = "", depends = "", tags = "" }, { name = "GuiAssert-ElevenLabs", path = ".", coord_kind = "vcs", url = "https://github.com/metacraft-labs/GuiAssert-ElevenLabs", ref = "agents-to-dev-2026-10-04", revision = "6b5a32e088ca051a218d8a7f299b8860c395e54c", integrity = "git-sha1:6b5a32e088ca051a218d8a7f299b8860c395e54c", version = "", visibility = "public", participation = "", depends = "GuiAssert", tags = "" }]
